// !$*UTF8*$!
{
	archiveVersion = 1;
	classes = {
	};
	objectVersion = 46;
	objects = {

/* Begin PBXBuildFile section */
		02A734901E1356E4009560F5 /* AppDelegate.swift in Sources */ = {isa = PBXBuildFile; fileRef = 02A7348F1E1356E4009560F5 /* AppDelegate.swift */; };
		02A734921E1356E4009560F5 /* MapViewController.swift in Sources */ = {isa = PBXBuildFile; fileRef = 02A734911E1356E4009560F5 /* MapViewController.swift */; };
		02A734971E1356E4009560F5 /* Assets.xcassets in Resources */ = {isa = PBXBuildFile; fileRef = 02A734961E1356E4009560F5 /* Assets.xcassets */; };
		02A7349A1E1356E4009560F5 /* LaunchScreen.storyboard in Resources */ = {isa = PBXBuildFile; fileRef = 02A734981E1356E4009560F5 /* LaunchScreen.storyboard */; };
		02A734A21E1367C8009560F5 /* Location.swift in Sources */ = {isa = PBXBuildFile; fileRef = 02A734A11E1367C8009560F5 /* Location.swift */; };
		02A734A41E13851F009560F5 /* locationData.json in Resources */ = {isa = PBXBuildFile; fileRef = 02A734A31E13851F009560F5 /* locationData.json */; };
		02A734A61E138FAB009560F5 /* API.swift in Sources */ = {isa = PBXBuildFile; fileRef = 02A734A51E138FAA009560F5 /* API.swift */; };
		02A734A81E139D6A009560F5 /* PlacesViewController.swift in Sources */ = {isa = PBXBuildFile; fileRef = 02A734A71E139D6A009560F5 /* PlacesViewController.swift */; };
		02A734AA1E13A0EB009560F5 /* UIColor+Shared.swift in Sources */ = {isa = PBXBuildFile; fileRef = 02A734A91E13A0EB009560F5 /* UIColor+Shared.swift */; };
		02A734AD1E1451FB009560F5 /* CategoryTableViewHeader.swift in Sources */ = {isa = PBXBuildFile; fileRef = 02A734AB1E1451FB009560F5 /* CategoryTableViewHeader.swift */; };
		02A734BB1E14A6D9009560F5 /* Category.swift in Sources */ = {isa = PBXBuildFile; fileRef = 02A734BA1E14A6D9009560F5 /* Category.swift */; };
		02A734BD1E14B23E009560F5 /* categoryData.json in Resources */ = {isa = PBXBuildFile; fileRef = 02A734BC1E14B23E009560F5 /* categoryData.json */; };
		02A734BF1E14BB14009560F5 /* data.json in Resources */ = {isa = PBXBuildFile; fileRef = 02A734BE1E14BB14009560F5 /* data.json */; };
		02A734C21E14D6B5009560F5 /* CategoryTableViewCell.swift in Sources */ = {isa = PBXBuildFile; fileRef = 02A734C01E14D6B5009560F5 /* CategoryTableViewCell.swift */; };
		02A734C51E1523F7009560F5 /* UIView+Extension.swift in Sources */ = {isa = PBXBuildFile; fileRef = 02A734C41E1523F7009560F5 /* UIView+Extension.swift */; };
		F015C68D79CC32E62AADFB78 /* Pods_CornellPlaces.framework in Frameworks */ = {isa = PBXBuildFile; fileRef = 6F016FDAC0DC899D79DC7CD7 /* Pods_CornellPlaces.framework */; };
/* End PBXBuildFile section */

/* Begin PBXFileReference section */
		02A7348C1E1356E4009560F5 /* CornellPlaces.app */ = {isa = PBXFileReference; explicitFileType = wrapper.application; includeInIndex = 0; path = CornellPlaces.app; sourceTree = BUILT_PRODUCTS_DIR; };
		02A7348F1E1356E4009560F5 /* AppDelegate.swift */ = {isa = PBXFileReference; lastKnownFileType = sourcecode.swift; path = AppDelegate.swift; sourceTree = "<group>"; };
		02A734911E1356E4009560F5 /* MapViewController.swift */ = {isa = PBXFileReference; lastKnownFileType = sourcecode.swift; path = MapViewController.swift; sourceTree = "<group>"; };
		02A734961E1356E4009560F5 /* Assets.xcassets */ = {isa = PBXFileReference; lastKnownFileType = folder.assetcatalog; path = Assets.xcassets; sourceTree = "<group>"; };
		02A734991E1356E4009560F5 /* Base */ = {isa = PBXFileReference; lastKnownFileType = file.storyboard; name = Base; path = Base.lproj/LaunchScreen.storyboard; sourceTree = "<group>"; };
		02A7349B1E1356E4009560F5 /* Info.plist */ = {isa = PBXFileReference; lastKnownFileType = text.plist.xml; path = Info.plist; sourceTree = "<group>"; };
		02A734A11E1367C8009560F5 /* Location.swift */ = {isa = PBXFileReference; fileEncoding = 4; lastKnownFileType = sourcecode.swift; path = Location.swift; sourceTree = "<group>"; };
		02A734A31E13851F009560F5 /* locationData.json */ = {isa = PBXFileReference; fileEncoding = 4; lastKnownFileType = text.json; path = locationData.json; sourceTree = "<group>"; };
		02A734A51E138FAA009560F5 /* API.swift */ = {isa = PBXFileReference; fileEncoding = 4; lastKnownFileType = sourcecode.swift; path = API.swift; sourceTree = "<group>"; };
		02A734A71E139D6A009560F5 /* PlacesViewController.swift */ = {isa = PBXFileReference; fileEncoding = 4; lastKnownFileType = sourcecode.swift; path = PlacesViewController.swift; sourceTree = "<group>"; };
		02A734A91E13A0EB009560F5 /* UIColor+Shared.swift */ = {isa = PBXFileReference; fileEncoding = 4; lastKnownFileType = sourcecode.swift; path = "UIColor+Shared.swift"; sourceTree = "<group>"; };
		02A734AB1E1451FB009560F5 /* CategoryTableViewHeader.swift */ = {isa = PBXFileReference; fileEncoding = 4; lastKnownFileType = sourcecode.swift; path = CategoryTableViewHeader.swift; sourceTree = "<group>"; };
		02A734BA1E14A6D9009560F5 /* Category.swift */ = {isa = PBXFileReference; fileEncoding = 4; lastKnownFileType = sourcecode.swift; path = Category.swift; sourceTree = "<group>"; };
		02A734BC1E14B23E009560F5 /* categoryData.json */ = {isa = PBXFileReference; fileEncoding = 4; lastKnownFileType = text.json; path = categoryData.json; sourceTree = "<group>"; };
		02A734BE1E14BB14009560F5 /* data.json */ = {isa = PBXFileReference; fileEncoding = 4; lastKnownFileType = text.json; path = data.json; sourceTree = "<group>"; };
		02A734C01E14D6B5009560F5 /* CategoryTableViewCell.swift */ = {isa = PBXFileReference; fileEncoding = 4; lastKnownFileType = sourcecode.swift; path = CategoryTableViewCell.swift; sourceTree = "<group>"; };
		02A734C41E1523F7009560F5 /* UIView+Extension.swift */ = {isa = PBXFileReference; fileEncoding = 4; lastKnownFileType = sourcecode.swift; path = "UIView+Extension.swift"; sourceTree = "<group>"; };
		311FBF582BB2AB69EE0A6769 /* Pods-CornellPlaces.release.xcconfig */ = {isa = PBXFileReference; includeInIndex = 1; lastKnownFileType = text.xcconfig; name = "Pods-CornellPlaces.release.xcconfig"; path = "Pods/Target Support Files/Pods-CornellPlaces/Pods-CornellPlaces.release.xcconfig"; sourceTree = "<group>"; };
		6F016FDAC0DC899D79DC7CD7 /* Pods_CornellPlaces.framework */ = {isa = PBXFileReference; explicitFileType = wrapper.framework; includeInIndex = 0; path = Pods_CornellPlaces.framework; sourceTree = BUILT_PRODUCTS_DIR; };
		AFCECBCD2F26B4C2C89C7365 /* Pods-CornellPlaces.debug.xcconfig */ = {isa = PBXFileReference; includeInIndex = 1; lastKnownFileType = text.xcconfig; name = "Pods-CornellPlaces.debug.xcconfig"; path = "Pods/Target Support Files/Pods-CornellPlaces/Pods-CornellPlaces.debug.xcconfig"; sourceTree = "<group>"; };
/* End PBXFileReference section */

/* Begin PBXFrameworksBuildPhase section */
		02A734891E1356E4009560F5 /* Frameworks */ = {
			isa = PBXFrameworksBuildPhase;
			buildActionMask = 2147483647;
			files = (
				F015C68D79CC32E62AADFB78 /* Pods_CornellPlaces.framework in Frameworks */,
			);
			runOnlyForDeploymentPostprocessing = 0;
		};
/* End PBXFrameworksBuildPhase section */

/* Begin PBXGroup section */
		02A734831E1356E4009560F5 = {
			isa = PBXGroup;
			children = (
				02A7348E1E1356E4009560F5 /* CornellPlaces */,
				02A7348D1E1356E4009560F5 /* Products */,
				5566C67283DF23062D49244A /* Pods */,
				A2A4B80F1E3E3FC0B714E289 /* Frameworks */,
			);
			sourceTree = "<group>";
		};
		02A7348D1E1356E4009560F5 /* Products */ = {
			isa = PBXGroup;
			children = (
				02A7348C1E1356E4009560F5 /* CornellPlaces.app */,
			);
			name = Products;
			sourceTree = "<group>";
		};
		02A7348E1E1356E4009560F5 /* CornellPlaces */ = {
			isa = PBXGroup;
			children = (
				02A7348F1E1356E4009560F5 /* AppDelegate.swift */,
				02A734B61E14A11F009560F5 /* Controllers */,
				02A734B51E14A119009560F5 /* Models */,
				02A734B71E14A12B009560F5 /* Views */,
				02A734B81E14A13E009560F5 /* Utilities */,
				02A734B41E14A107009560F5 /* Resources */,
				02A734981E1356E4009560F5 /* LaunchScreen.storyboard */,
			);
			path = CornellPlaces;
			sourceTree = "<group>";
		};
		02A734B31E14A0FC009560F5 /* Cells */ = {
			isa = PBXGroup;
			children = (
				02A734AB1E1451FB009560F5 /* CategoryTableViewHeader.swift */,
				02A734C01E14D6B5009560F5 /* CategoryTableViewCell.swift */,
			);
			name = Cells;
			sourceTree = "<group>";
		};
		02A734B41E14A107009560F5 /* Resources */ = {
			isa = PBXGroup;
			children = (
				02A734A31E13851F009560F5 /* locationData.json */,
				02A734BC1E14B23E009560F5 /* categoryData.json */,
				02A734BE1E14BB14009560F5 /* data.json */,
				02A734961E1356E4009560F5 /* Assets.xcassets */,
				02A7349B1E1356E4009560F5 /* Info.plist */,
			);
			name = Resources;
			sourceTree = "<group>";
		};
		02A734B51E14A119009560F5 /* Models */ = {
			isa = PBXGroup;
			children = (
				02A734A11E1367C8009560F5 /* Location.swift */,
				02A734BA1E14A6D9009560F5 /* Category.swift */,
			);
			name = Models;
			sourceTree = "<group>";
		};
		02A734B61E14A11F009560F5 /* Controllers */ = {
			isa = PBXGroup;
			children = (
				02A734911E1356E4009560F5 /* MapViewController.swift */,
				02A734A71E139D6A009560F5 /* PlacesViewController.swift */,
			);
			name = Controllers;
			sourceTree = "<group>";
		};
		02A734B71E14A12B009560F5 /* Views */ = {
			isa = PBXGroup;
			children = (
				02A734B31E14A0FC009560F5 /* Cells */,
			);
			name = Views;
			sourceTree = "<group>";
		};
		02A734B81E14A13E009560F5 /* Utilities */ = {
			isa = PBXGroup;
			children = (
				02A734A51E138FAA009560F5 /* API.swift */,
				02A734A91E13A0EB009560F5 /* UIColor+Shared.swift */,
				02A734C41E1523F7009560F5 /* UIView+Extension.swift */,
			);
			name = Utilities;
			sourceTree = "<group>";
		};
		5566C67283DF23062D49244A /* Pods */ = {
			isa = PBXGroup;
			children = (
				AFCECBCD2F26B4C2C89C7365 /* Pods-CornellPlaces.debug.xcconfig */,
				311FBF582BB2AB69EE0A6769 /* Pods-CornellPlaces.release.xcconfig */,
			);
			name = Pods;
			sourceTree = "<group>";
		};
		A2A4B80F1E3E3FC0B714E289 /* Frameworks */ = {
			isa = PBXGroup;
			children = (
				6F016FDAC0DC899D79DC7CD7 /* Pods_CornellPlaces.framework */,
			);
			name = Frameworks;
			sourceTree = "<group>";
		};
/* End PBXGroup section */

/* Begin PBXNativeTarget section */
		02A7348B1E1356E4009560F5 /* CornellPlaces */ = {
			isa = PBXNativeTarget;
			buildConfigurationList = 02A7349E1E1356E4009560F5 /* Build configuration list for PBXNativeTarget "CornellPlaces" */;
			buildPhases = (
				971C2EED9DEB8FD56FCBEE7E /* [CP] Check Pods Manifest.lock */,
				02A734881E1356E4009560F5 /* Sources */,
				02A734891E1356E4009560F5 /* Frameworks */,
				02A7348A1E1356E4009560F5 /* Resources */,
				CA12287809ED4958F518B25D /* [CP] Embed Pods Frameworks */,
				47E9D9FD1D847CAE201F2548 /* [CP] Copy Pods Resources */,
			);
			buildRules = (
			);
			dependencies = (
			);
			name = CornellPlaces;
			productName = CornellPlaces;
			productReference = 02A7348C1E1356E4009560F5 /* CornellPlaces.app */;
			productType = "com.apple.product-type.application";
		};
/* End PBXNativeTarget section */

/* Begin PBXProject section */
		02A734841E1356E4009560F5 /* Project object */ = {
			isa = PBXProject;
			attributes = {
				LastSwiftUpdateCheck = 0820;
				LastUpgradeCheck = 0820;
				ORGANIZATIONNAME = "Logan Allen";
				TargetAttributes = {
					02A7348B1E1356E4009560F5 = {
						CreatedOnToolsVersion = 8.2.1;
						DevelopmentTeam = R8MGTW9Q8N;
						ProvisioningStyle = Automatic;
					};
				};
			};
			buildConfigurationList = 02A734871E1356E4009560F5 /* Build configuration list for PBXProject "CornellPlaces" */;
			compatibilityVersion = "Xcode 3.2";
			developmentRegion = English;
			hasScannedForEncodings = 0;
			knownRegions = (
				en,
				Base,
			);
			mainGroup = 02A734831E1356E4009560F5;
			productRefGroup = 02A7348D1E1356E4009560F5 /* Products */;
			projectDirPath = "";
			projectRoot = "";
			targets = (
				02A7348B1E1356E4009560F5 /* CornellPlaces */,
			);
		};
/* End PBXProject section */

/* Begin PBXResourcesBuildPhase section */
		02A7348A1E1356E4009560F5 /* Resources */ = {
			isa = PBXResourcesBuildPhase;
			buildActionMask = 2147483647;
			files = (
				02A7349A1E1356E4009560F5 /* LaunchScreen.storyboard in Resources */,
				02A734BF1E14BB14009560F5 /* data.json in Resources */,
				02A734BD1E14B23E009560F5 /* categoryData.json in Resources */,
				02A734A41E13851F009560F5 /* locationData.json in Resources */,
				02A734971E1356E4009560F5 /* Assets.xcassets in Resources */,
			);
			runOnlyForDeploymentPostprocessing = 0;
		};
/* End PBXResourcesBuildPhase section */

/* Begin PBXShellScriptBuildPhase section */
		47E9D9FD1D847CAE201F2548 /* [CP] Copy Pods Resources */ = {
			isa = PBXShellScriptBuildPhase;
			buildActionMask = 2147483647;
			files = (
			);
			inputPaths = (
			);
			name = "[CP] Copy Pods Resources";
			outputPaths = (
			);
			runOnlyForDeploymentPostprocessing = 0;
			shellPath = /bin/sh;
			shellScript = "\"${SRCROOT}/Pods/Target Support Files/Pods-CornellPlaces/Pods-CornellPlaces-resources.sh\"\n";
			showEnvVarsInLog = 0;
		};
		971C2EED9DEB8FD56FCBEE7E /* [CP] Check Pods Manifest.lock */ = {
			isa = PBXShellScriptBuildPhase;
			buildActionMask = 2147483647;
			files = (
			);
			inputPaths = (
			);
			name = "[CP] Check Pods Manifest.lock";
			outputPaths = (
			);
			runOnlyForDeploymentPostprocessing = 0;
			shellPath = /bin/sh;
			shellScript = "diff \"${PODS_ROOT}/../Podfile.lock\" \"${PODS_ROOT}/Manifest.lock\" > /dev/null\nif [ $? != 0 ] ; then\n    # print error to STDERR\n    echo \"error: The sandbox is not in sync with the Podfile.lock. Run 'pod install' or update your CocoaPods installation.\" >&2\n    exit 1\nfi\n";
			showEnvVarsInLog = 0;
		};
		CA12287809ED4958F518B25D /* [CP] Embed Pods Frameworks */ = {
			isa = PBXShellScriptBuildPhase;
			buildActionMask = 2147483647;
			files = (
			);
			inputPaths = (
			);
			name = "[CP] Embed Pods Frameworks";
			outputPaths = (
			);
			runOnlyForDeploymentPostprocessing = 0;
			shellPath = /bin/sh;
			shellScript = "\"${SRCROOT}/Pods/Target Support Files/Pods-CornellPlaces/Pods-CornellPlaces-frameworks.sh\"\n";
			showEnvVarsInLog = 0;
		};
/* End PBXShellScriptBuildPhase section */

/* Begin PBXSourcesBuildPhase section */
		02A734881E1356E4009560F5 /* Sources */ = {
			isa = PBXSourcesBuildPhase;
			buildActionMask = 2147483647;
			files = (
				02A734921E1356E4009560F5 /* MapViewController.swift in Sources */,
				02A734A21E1367C8009560F5 /* Location.swift in Sources */,
				02A734AA1E13A0EB009560F5 /* UIColor+Shared.swift in Sources */,
				02A734A81E139D6A009560F5 /* PlacesViewController.swift in Sources */,
				02A734A61E138FAB009560F5 /* API.swift in Sources */,
				02A734AD1E1451FB009560F5 /* CategoryTableViewHeader.swift in Sources */,
				02A734901E1356E4009560F5 /* AppDelegate.swift in Sources */,
				02A734BB1E14A6D9009560F5 /* Category.swift in Sources */,
				02A734C51E1523F7009560F5 /* UIView+Extension.swift in Sources */,
				02A734C21E14D6B5009560F5 /* CategoryTableViewCell.swift in Sources */,
			);
			runOnlyForDeploymentPostprocessing = 0;
		};
/* End PBXSourcesBuildPhase section */

/* Begin PBXVariantGroup section */
		02A734981E1356E4009560F5 /* LaunchScreen.storyboard */ = {
			isa = PBXVariantGroup;
			children = (
				02A734991E1356E4009560F5 /* Base */,
			);
			name = LaunchScreen.storyboard;
			sourceTree = "<group>";
		};
/* End PBXVariantGroup section */

/* Begin XCBuildConfiguration section */
		02A7349C1E1356E4009560F5 /* Debug */ = {
			isa = XCBuildConfiguration;
			buildSettings = {
				ALWAYS_SEARCH_USER_PATHS = NO;
				CLANG_ANALYZER_NONNULL = YES;
				CLANG_CXX_LANGUAGE_STANDARD = "gnu++0x";
				CLANG_CXX_LIBRARY = "libc++";
				CLANG_ENABLE_MODULES = YES;
				CLANG_ENABLE_OBJC_ARC = YES;
				CLANG_WARN_BOOL_CONVERSION = YES;
				CLANG_WARN_CONSTANT_CONVERSION = YES;
				CLANG_WARN_DIRECT_OBJC_ISA_USAGE = YES_ERROR;
				CLANG_WARN_DOCUMENTATION_COMMENTS = YES;
				CLANG_WARN_EMPTY_BODY = YES;
				CLANG_WARN_ENUM_CONVERSION = YES;
				CLANG_WARN_INFINITE_RECURSION = YES;
				CLANG_WARN_INT_CONVERSION = YES;
				CLANG_WARN_OBJC_ROOT_CLASS = YES_ERROR;
				CLANG_WARN_SUSPICIOUS_MOVE = YES;
				CLANG_WARN_UNREACHABLE_CODE = YES;
				CLANG_WARN__DUPLICATE_METHOD_MATCH = YES;
				"CODE_SIGN_IDENTITY[sdk=iphoneos*]" = "iPhone Developer";
				COPY_PHASE_STRIP = NO;
				DEBUG_INFORMATION_FORMAT = dwarf;
				ENABLE_STRICT_OBJC_MSGSEND = YES;
				ENABLE_TESTABILITY = YES;
				GCC_C_LANGUAGE_STANDARD = gnu99;
				GCC_DYNAMIC_NO_PIC = NO;
				GCC_NO_COMMON_BLOCKS = YES;
				GCC_OPTIMIZATION_LEVEL = 0;
				GCC_PREPROCESSOR_DEFINITIONS = (
					"DEBUG=1",
					"$(inherited)",
				);
				GCC_WARN_64_TO_32_BIT_CONVERSION = YES;
				GCC_WARN_ABOUT_RETURN_TYPE = YES_ERROR;
				GCC_WARN_UNDECLARED_SELECTOR = YES;
				GCC_WARN_UNINITIALIZED_AUTOS = YES_AGGRESSIVE;
				GCC_WARN_UNUSED_FUNCTION = YES;
				GCC_WARN_UNUSED_VARIABLE = YES;
				IPHONEOS_DEPLOYMENT_TARGET = 10.2;
				MTL_ENABLE_DEBUG_INFO = YES;
				ONLY_ACTIVE_ARCH = YES;
				SDKROOT = iphoneos;
				SWIFT_ACTIVE_COMPILATION_CONDITIONS = DEBUG;
				SWIFT_OPTIMIZATION_LEVEL = "-Onone";
			};
			name = Debug;
		};
		02A7349D1E1356E4009560F5 /* Release */ = {
			isa = XCBuildConfiguration;
			buildSettings = {
				ALWAYS_SEARCH_USER_PATHS = NO;
				CLANG_ANALYZER_NONNULL = YES;
				CLANG_CXX_LANGUAGE_STANDARD = "gnu++0x";
				CLANG_CXX_LIBRARY = "libc++";
				CLANG_ENABLE_MODULES = YES;
				CLANG_ENABLE_OBJC_ARC = YES;
				CLANG_WARN_BOOL_CONVERSION = YES;
				CLANG_WARN_CONSTANT_CONVERSION = YES;
				CLANG_WARN_DIRECT_OBJC_ISA_USAGE = YES_ERROR;
				CLANG_WARN_DOCUMENTATION_COMMENTS = YES;
				CLANG_WARN_EMPTY_BODY = YES;
				CLANG_WARN_ENUM_CONVERSION = YES;
				CLANG_WARN_INFINITE_RECURSION = YES;
				CLANG_WARN_INT_CONVERSION = YES;
				CLANG_WARN_OBJC_ROOT_CLASS = YES_ERROR;
				CLANG_WARN_SUSPICIOUS_MOVE = YES;
				CLANG_WARN_UNREACHABLE_CODE = YES;
				CLANG_WARN__DUPLICATE_METHOD_MATCH = YES;
				"CODE_SIGN_IDENTITY[sdk=iphoneos*]" = "iPhone Developer";
				COPY_PHASE_STRIP = NO;
				DEBUG_INFORMATION_FORMAT = "dwarf-with-dsym";
				ENABLE_NS_ASSERTIONS = NO;
				ENABLE_STRICT_OBJC_MSGSEND = YES;
				GCC_C_LANGUAGE_STANDARD = gnu99;
				GCC_NO_COMMON_BLOCKS = YES;
				GCC_WARN_64_TO_32_BIT_CONVERSION = YES;
				GCC_WARN_ABOUT_RETURN_TYPE = YES_ERROR;
				GCC_WARN_UNDECLARED_SELECTOR = YES;
				GCC_WARN_UNINITIALIZED_AUTOS = YES_AGGRESSIVE;
				GCC_WARN_UNUSED_FUNCTION = YES;
				GCC_WARN_UNUSED_VARIABLE = YES;
				IPHONEOS_DEPLOYMENT_TARGET = 10.2;
				MTL_ENABLE_DEBUG_INFO = NO;
				SDKROOT = iphoneos;
				SWIFT_OPTIMIZATION_LEVEL = "-Owholemodule";
				VALIDATE_PRODUCT = YES;
			};
			name = Release;
		};
		02A7349F1E1356E4009560F5 /* Debug */ = {
			isa = XCBuildConfiguration;
			baseConfigurationReference = AFCECBCD2F26B4C2C89C7365 /* Pods-CornellPlaces.debug.xcconfig */;
			buildSettings = {
				ASSETCATALOG_COMPILER_APPICON_NAME = AppIcon;
				DEVELOPMENT_TEAM = R8MGTW9Q8N;
				INFOPLIST_FILE = CornellPlaces/Info.plist;
				LD_RUNPATH_SEARCH_PATHS = "$(inherited) @executable_path/Frameworks";
				PRODUCT_BUNDLE_IDENTIFIER = loganallen.CornellPlaces;
				PRODUCT_NAME = "$(TARGET_NAME)";
				SWIFT_VERSION = 3.0;
			};
			name = Debug;
		};
		02A734A01E1356E4009560F5 /* Release */ = {
			isa = XCBuildConfiguration;
			baseConfigurationReference = 311FBF582BB2AB69EE0A6769 /* Pods-CornellPlaces.release.xcconfig */;
			buildSettings = {
				ASSETCATALOG_COMPILER_APPICON_NAME = AppIcon;
				DEVELOPMENT_TEAM = R8MGTW9Q8N;
				INFOPLIST_FILE = CornellPlaces/Info.plist;
				LD_RUNPATH_SEARCH_PATHS = "$(inherited) @executable_path/Frameworks";
				PRODUCT_BUNDLE_IDENTIFIER = loganallen.CornellPlaces;
				PRODUCT_NAME = "$(TARGET_NAME)";
				SWIFT_VERSION = 3.0;
			};
			name = Release;
		};
/* End XCBuildConfiguration section */

/* Begin XCConfigurationList section */
		02A734871E1356E4009560F5 /* Build configuration list for PBXProject "CornellPlaces" */ = {
			isa = XCConfigurationList;
			buildConfigurations = (
				02A7349C1E1356E4009560F5 /* Debug */,
				02A7349D1E1356E4009560F5 /* Release */,
			);
			defaultConfigurationIsVisible = 0;
			defaultConfigurationName = Release;
		};
		02A7349E1E1356E4009560F5 /* Build configuration list for PBXNativeTarget "CornellPlaces" */ = {
			isa = XCConfigurationList;
			buildConfigurations = (
				02A7349F1E1356E4009560F5 /* Debug */,
				02A734A01E1356E4009560F5 /* Release */,
			);
			defaultConfigurationIsVisible = 0;
			defaultConfigurationName = Release;
		};
/* End XCConfigurationList section */
	};
	rootObject = 02A734841E1356E4009560F5 /* Project object */;
}
